
Microsoft Visual Studio Solution File, Format Version 12.00
# Visual Studio Version 16
VisualStudioVersion = 16.0.30330.147
MinimumVisualStudioVersion = 10.0.40219.1
Project("{2150E333-8FDC-42A3-9474-1A3956D46DE8}") = "src", "src", "{27545087-3DB7-4662-9562-F2EF0B0C6ACE}"
EndProject
Project("{2150E333-8FDC-42A3-9474-1A3956D46DE8}") = "Catalog", "Catalog", "{96141706-45E6-4523-97E4-D74A2FE4B3C9}"
EndProject
Project("{9A19103F-16F7-4668-BE54-9A1E7A4F7556}") = "Catalog.API", "src\Catalog\Catalog.API\Catalog.API.csproj", "{4739DF98-B5C2-4B5F-B775-FDC014B1BFF5}"
EndProject
Project("{E53339B2-1760-4266-BCC7-CA923CBCF16C}") = "docker-compose", "docker-compose.dcproj", "{0E46FAA9-BE8F-4B5B-BCE3-726DFC9C4E82}"
EndProject
Project("{2150E333-8FDC-42A3-9474-1A3956D46DE8}") = "Basket", "Basket", "{401EA81D-5D65-4F4B-ADB6-ED47290BA454}"
EndProject
Project("{FAE04EC0-301F-11D3-BF4B-00C04F79EFBC}") = "Basket.API", "src\Basket\Basket.API\Basket.API.csproj", "{53586E5C-B51C-4F5C-B413-6D19C5745130}"
EndProject
Project("{2150E333-8FDC-42A3-9474-1A3956D46DE8}") = "Common", "Common", "{A599AA7D-DB84-4443-A47D-D3F64116E92A}"
EndProject
Project("{FAE04EC0-301F-11D3-BF4B-00C04F79EFBC}") = "EventBusRabbitMQ", "src\Common\EventBusRabbitMQ\EventBusRabbitMQ.csproj", "{D8E08ED6-0D5A-4C21-9ECB-9842F1F0B071}"
EndProject
Global
	GlobalSection(SolutionConfigurationPlatforms) = preSolution
		Debug|Any CPU = Debug|Any CPU
		Release|Any CPU = Release|Any CPU
	EndGlobalSection
	GlobalSection(ProjectConfigurationPlatforms) = postSolution
		{4739DF98-B5C2-4B5F-B775-FDC014B1BFF5}.Debug|Any CPU.ActiveCfg = Debug|Any CPU
		{4739DF98-B5C2-4B5F-B775-FDC014B1BFF5}.Debug|Any CPU.Build.0 = Debug|Any CPU
		{4739DF98-B5C2-4B5F-B775-FDC014B1BFF5}.Release|Any CPU.ActiveCfg = Release|Any CPU
		{4739DF98-B5C2-4B5F-B775-FDC014B1BFF5}.Release|Any CPU.Build.0 = Release|Any CPU
		{0E46FAA9-BE8F-4B5B-BCE3-726DFC9C4E82}.Debug|Any CPU.ActiveCfg = Debug|Any CPU
		{0E46FAA9-BE8F-4B5B-BCE3-726DFC9C4E82}.Debug|Any CPU.Build.0 = Debug|Any CPU
		{0E46FAA9-BE8F-4B5B-BCE3-726DFC9C4E82}.Release|Any CPU.ActiveCfg = Release|Any CPU
		{0E46FAA9-BE8F-4B5B-BCE3-726DFC9C4E82}.Release|Any CPU.Build.0 = Release|Any CPU
		{53586E5C-B51C-4F5C-B413-6D19C5745130}.Debug|Any CPU.ActiveCfg = Debug|Any CPU
		{53586E5C-B51C-4F5C-B413-6D19C5745130}.Debug|Any CPU.Build.0 = Debug|Any CPU
		{53586E5C-B51C-4F5C-B413-6D19C5745130}.Release|Any CPU.ActiveCfg = Release|Any CPU
		{53586E5C-B51C-4F5C-B413-6D19C5745130}.Release|Any CPU.Build.0 = Release|Any CPU
		{D8E08ED6-0D5A-4C21-9ECB-9842F1F0B071}.Debug|Any CPU.ActiveCfg = Debug|Any CPU
		{D8E08ED6-0D5A-4C21-9ECB-9842F1F0B071}.Debug|Any CPU.Build.0 = Debug|Any CPU
		{D8E08ED6-0D5A-4C21-9ECB-9842F1F0B071}.Release|Any CPU.ActiveCfg = Release|Any CPU
		{D8E08ED6-0D5A-4C21-9ECB-9842F1F0B071}.Release|Any CPU.Build.0 = Release|Any CPU
	EndGlobalSection
	GlobalSection(SolutionProperties) = preSolution
		HideSolutionNode = FALSE
	EndGlobalSection
	GlobalSection(NestedProjects) = preSolution
		{96141706-45E6-4523-97E4-D74A2FE4B3C9} = {27545087-3DB7-4662-9562-F2EF0B0C6ACE}
		{4739DF98-B5C2-4B5F-B775-FDC014B1BFF5} = {96141706-45E6-4523-97E4-D74A2FE4B3C9}
		{401EA81D-5D65-4F4B-ADB6-ED47290BA454} = {27545087-3DB7-4662-9562-F2EF0B0C6ACE}
		{53586E5C-B51C-4F5C-B413-6D19C5745130} = {401EA81D-5D65-4F4B-ADB6-ED47290BA454}
		{A599AA7D-DB84-4443-A47D-D3F64116E92A} = {27545087-3DB7-4662-9562-F2EF0B0C6ACE}
		{D8E08ED6-0D5A-4C21-9ECB-9842F1F0B071} = {A599AA7D-DB84-4443-A47D-D3F64116E92A}
	EndGlobalSection
	GlobalSection(ExtensibilityGlobals) = postSolution
		SolutionGuid = {AE9F3A83-3CC3-4FC7-A4A1-381EE5483AD1}
	EndGlobalSection
EndGlobal
